
Microsoft Visual Studio Solution File, Format Version 12.00
# Visual Studio Version 17
VisualStudioVersion = 17.11.35327.3
MinimumVisualStudioVersion = 10.0.40219.1
Project("{9A19103F-16F7-4668-BE54-9A1E7A4F7556}") = "BankApp", "BankApp.csproj", "{C0A59A53-5714-4219-BE42-D7A335FE021C}"
EndProject
Global
	GlobalSection(SolutionConfigurationPlatforms) = preSolution
		Debug|Any CPU = Debug|Any CPU
		Release|Any CPU = Release|Any CPU
	EndGlobalSection
	GlobalSection(ProjectConfigurationPlatforms) = postSolution
		{C0A59A53-5714-4219-BE42-D7A335FE021C}.Debug|Any CPU.ActiveCfg = Debug|Any CPU
		{C0A59A53-5714-4219-BE42-D7A335FE021C}.Debug|Any CPU.Build.0 = Debug|Any CPU
		{C0A59A53-5714-4219-BE42-D7A335FE021C}.Release|Any CPU.ActiveCfg = Release|Any CPU
		{C0A59A53-5714-4219-BE42-D7A335FE021C}.Release|Any CPU.Build.0 = Release|Any CPU
	EndGlobalSection
	GlobalSection(SolutionProperties) = preSolution
		HideSolutionNode = FALSE
	EndGlobalSection
	GlobalSection(ExtensibilityGlobals) = postSolution
		SolutionGuid = {5F99C805-59DD-45F1-8882-6EF43C6F1187}
	EndGlobalSection
EndGlobal
